{
  "name": "letterization",
  "version": "1.0.0",
  "lockfileVersion": 2,
  "requires": true,
  "packages": {
    "": {
      "version": "1.0.0",
      "license": "ISC",
      "dependencies": {
        "@sentinel-one/font-mgmt": "^2.65.0",
        "letterizejs": "^2.0.1",
        "normalize.css": "^8.0.1"
      }
    },
    "node_modules/@sentinel-one/font-mgmt": {
      "version": "2.65.0",
      "resolved": "https://registry.npmjs.org/@sentinel-one/font-mgmt/-/font-mgmt-2.65.0.tgz",
      "integrity": "sha512-IwyRBXrKLW558OxYeGf24Rzk8/u6HOBN9tIpODcXnqQ4vCQfzfqqKOVAbo5wCrCit4/yrBPtF9Y84ruj/sqbcQ=="
    },
    "node_modules/letterizejs": {
      "version": "2.0.1",
      "resolved": "https://registry.npmjs.org/letterizejs/-/letterizejs-2.0.1.tgz",
      "integrity": "sha512-ofKV11GGUdEZELXSwR97AteC3Uv9cmLt7IB+L5BLyMp8khDBCwGs+B+c6FHoL/n7vAPC2aeva5WU3gdOuFIhmA=="
    },
    "node_modules/normalize.css": {
      "version": "8.0.1",
      "resolved": "https://registry.npmjs.org/normalize.css/-/normalize.css-8.0.1.tgz",
      "integrity": "sha512-qizSNPO93t1YUuUhP22btGOo3chcvDFqFaj2TRybP0DMxkHOCTYwp3n34fel4a31ORXy4m1Xq0Gyqpb5m33qIg=="
    }
  },
  "dependencies": {
    "@sentinel-one/font-mgmt": {
      "version": "2.65.0",
      "resolved": "https://registry.npmjs.org/@sentinel-one/font-mgmt/-/font-mgmt-2.65.0.tgz",
      "integrity": "sha512-IwyRBXrKLW558OxYeGf24Rzk8/u6HOBN9tIpODcXnqQ4vCQfzfqqKOVAbo5wCrCit4/yrBPtF9Y84ruj/sqbcQ=="
    },
    "letterizejs": {
      "version": "2.0.1",
      "resolved": "https://registry.npmjs.org/letterizejs/-/letterizejs-2.0.1.tgz",
      "integrity": "sha512-ofKV11GGUdEZELXSwR97AteC3Uv9cmLt7IB+L5BLyMp8khDBCwGs+B+c6FHoL/n7vAPC2aeva5WU3gdOuFIhmA=="
    },
    "normalize.css": {
      "version": "8.0.1",
      "resolved": "https://registry.npmjs.org/normalize.css/-/normalize.css-8.0.1.tgz",
      "integrity": "sha512-qizSNPO93t1YUuUhP22btGOo3chcvDFqFaj2TRybP0DMxkHOCTYwp3n34fel4a31ORXy4m1Xq0Gyqpb5m33qIg=="
    }
  }
}
